
Microsoft Visual Studio Solution File, Format Version 12.00
# Visual Studio 15
Project("{FAE04EC0-301F-11D3-BF4B-00C04F79EFBC}") = "Assembly-CSharp", "Assembly-CSharp.csproj", "{4958B294-EA47-5BA1-1D45-8EE2EBEAF331}"
EndProject
Project("{FAE04EC0-301F-11D3-BF4B-00C04F79EFBC}") = "Assembly-CSharp-firstpass", "Assembly-CSharp-firstpass.csproj", "{22A7C1D7-9C69-08BF-C5A6-30C81F262205}"
EndProject
Project("{FAE04EC0-301F-11D3-BF4B-00C04F79EFBC}") = "Assembly-CSharp-Editor-firstpass", "Assembly-CSharp-Editor-firstpass.csproj", "{8F58193B-0F27-671F-DA84-A8805B65869F}"
EndProject
Project("{FAE04EC0-301F-11D3-BF4B-00C04F79EFBC}") = "Assembly-CSharp-Editor", "Assembly-CSharp-Editor.csproj", "{798F148D-7F4E-3539-BAEC-F3351A600C32}"
EndProject
Global
	GlobalSection(SolutionConfigurationPlatforms) = preSolution
		Debug|Any CPU = Debug|Any CPU
		Release|Any CPU = Release|Any CPU
	EndGlobalSection
	GlobalSection(ProjectConfigurationPlatforms) = postSolution
		{4958B294-EA47-5BA1-1D45-8EE2EBEAF331}.Debug|Any CPU.ActiveCfg = Debug|Any CPU
		{4958B294-EA47-5BA1-1D45-8EE2EBEAF331}.Debug|Any CPU.Build.0 = Debug|Any CPU
		{4958B294-EA47-5BA1-1D45-8EE2EBEAF331}.Release|Any CPU.ActiveCfg = Release|Any CPU
		{4958B294-EA47-5BA1-1D45-8EE2EBEAF331}.Release|Any CPU.Build.0 = Release|Any CPU
		{22A7C1D7-9C69-08BF-C5A6-30C81F262205}.Debug|Any CPU.ActiveCfg = Debug|Any CPU
		{22A7C1D7-9C69-08BF-C5A6-30C81F262205}.Debug|Any CPU.Build.0 = Debug|Any CPU
		{22A7C1D7-9C69-08BF-C5A6-30C81F262205}.Release|Any CPU.ActiveCfg = Release|Any CPU
		{22A7C1D7-9C69-08BF-C5A6-30C81F262205}.Release|Any CPU.Build.0 = Release|Any CPU
		{8F58193B-0F27-671F-DA84-A8805B65869F}.Debug|Any CPU.ActiveCfg = Debug|Any CPU
		{8F58193B-0F27-671F-DA84-A8805B65869F}.Debug|Any CPU.Build.0 = Debug|Any CPU
		{8F58193B-0F27-671F-DA84-A8805B65869F}.Release|Any CPU.ActiveCfg = Release|Any CPU
		{8F58193B-0F27-671F-DA84-A8805B65869F}.Release|Any CPU.Build.0 = Release|Any CPU
		{798F148D-7F4E-3539-BAEC-F3351A600C32}.Debug|Any CPU.ActiveCfg = Debug|Any CPU
		{798F148D-7F4E-3539-BAEC-F3351A600C32}.Debug|Any CPU.Build.0 = Debug|Any CPU
		{798F148D-7F4E-3539-BAEC-F3351A600C32}.Release|Any CPU.ActiveCfg = Release|Any CPU
		{798F148D-7F4E-3539-BAEC-F3351A600C32}.Release|Any CPU.Build.0 = Release|Any CPU
	EndGlobalSection
	GlobalSection(SolutionProperties) = preSolution
		HideSolutionNode = FALSE
	EndGlobalSection
EndGlobal
